
Microsoft Visual Studio Solution File, Format Version 12.00
# Visual Studio Version 17
VisualStudioVersion = 17.3.32901.215
MinimumVisualStudioVersion = 10.0.40219.1
Project("{9A19103F-16F7-4668-BE54-9A1E7A4F7556}") = "Task21", "Task21\Task21.csproj", "{D4986A0E-D130-47C4-B5B7-15875BDABCE5}"
EndProject
Project("{9A19103F-16F7-4668-BE54-9A1E7A4F7556}") = "Task70", "Task70\Task70.csproj", "{8F983616-067E-4ACC-BB6B-725CF7B8FE4A}"
EndProject
Project("{9A19103F-16F7-4668-BE54-9A1E7A4F7556}") = "Task1502", "Task1502\Task1502.csproj", "{E14C4993-BA55-4610-937F-333B321A752A}"
EndProject
Project("{9A19103F-16F7-4668-BE54-9A1E7A4F7556}") = "Task1732", "Task1732\Task1732.csproj", "{14BCCC0E-AC02-4B53-9CE4-0CE459603799}"
EndProject
Project("{9A19103F-16F7-4668-BE54-9A1E7A4F7556}") = "Task373", "Task373\Task373.csproj", "{62471700-EB77-4831-9D7C-51DD69310AF1}"
EndProject
Project("{9A19103F-16F7-4668-BE54-9A1E7A4F7556}") = "Task26", "Task26\Task26.csproj", "{7F3C423D-1D56-413E-AA12-6F95B75541C7}"
EndProject
Project("{9A19103F-16F7-4668-BE54-9A1E7A4F7556}") = "Task2305", "Task2305\Task2305.csproj", "{3661110A-756D-472C-8AF4-6CECA0D9493C}"
EndProject
Project("{9A19103F-16F7-4668-BE54-9A1E7A4F7556}") = "Task859", "Task859\Task859.csproj", "{4A87CEB9-0345-4FD7-BE79-2B7CD2D67103}"
EndProject
Project("{9A19103F-16F7-4668-BE54-9A1E7A4F7556}") = "Task1790", "Task1790\Task1790.csproj", "{BFA28321-ABA2-4851-A78E-45C274D65EFF}"
EndProject
Project("{9A19103F-16F7-4668-BE54-9A1E7A4F7556}") = "Task137", "Task137\Task137.csproj", "{466D6846-4C22-4E47-ABC7-6706F2A2D150}"
EndProject
Project("{9A19103F-16F7-4668-BE54-9A1E7A4F7556}") = "Task27", "Task27\Task27.csproj", "{34DD6E9C-6369-4D74-98AE-CF2A33629C94}"
EndProject
Project("{9A19103F-16F7-4668-BE54-9A1E7A4F7556}") = "Task28", "Task28\Task28.csproj", "{16354DDA-7218-4B8C-983A-229D5B91A3C0}"
EndProject
Project("{9A19103F-16F7-4668-BE54-9A1E7A4F7556}") = "Task20", "Task20\Task20.csproj", "{CD373473-5CD5-4666-8CDB-CC5C9DBD7B9E}"
EndProject
Project("{9A19103F-16F7-4668-BE54-9A1E7A4F7556}") = "Task107", "Task107\Task107.csproj", "{1D67CCF0-D41E-4067-A293-092CD3CECE6A}"
EndProject
Project("{9A19103F-16F7-4668-BE54-9A1E7A4F7556}") = "Task88", "Task88\Task88.csproj", "{4EDA37EF-2E2F-4598-846A-F8016D0AC78A}"
EndProject
Project("{9A19103F-16F7-4668-BE54-9A1E7A4F7556}") = "Task349", "Task349\Task349.csproj", "{EDC45AEB-D23D-4990-B44E-252CA33651B1}"
EndProject
Project("{9A19103F-16F7-4668-BE54-9A1E7A4F7556}") = "Task673", "Task673\Task673.csproj", "{458C68AE-D48F-4A4F-AE7F-7A87EB89E9ED}"
EndProject
Project("{9A19103F-16F7-4668-BE54-9A1E7A4F7556}") = "Solutions", "100-200\Solutions.csproj", "{807DAF64-4828-42B2-97AA-FCB8D53231EE}"
EndProject
Project("{2150E333-8FDC-42A3-9474-1A3956D46DE8}") = "Obsolete", "Obsolete", "{F3CA71E4-968E-4A08-ABA1-313C99836054}"
EndProject
Global
	GlobalSection(SolutionConfigurationPlatforms) = preSolution
		Debug|Any CPU = Debug|Any CPU
		Release|Any CPU = Release|Any CPU
	EndGlobalSection
	GlobalSection(ProjectConfigurationPlatforms) = postSolution
		{D4986A0E-D130-47C4-B5B7-15875BDABCE5}.Debug|Any CPU.ActiveCfg = Debug|Any CPU
		{D4986A0E-D130-47C4-B5B7-15875BDABCE5}.Debug|Any CPU.Build.0 = Debug|Any CPU
		{D4986A0E-D130-47C4-B5B7-15875BDABCE5}.Release|Any CPU.ActiveCfg = Release|Any CPU
		{D4986A0E-D130-47C4-B5B7-15875BDABCE5}.Release|Any CPU.Build.0 = Release|Any CPU
		{8F983616-067E-4ACC-BB6B-725CF7B8FE4A}.Debug|Any CPU.ActiveCfg = Debug|Any CPU
		{8F983616-067E-4ACC-BB6B-725CF7B8FE4A}.Debug|Any CPU.Build.0 = Debug|Any CPU
		{8F983616-067E-4ACC-BB6B-725CF7B8FE4A}.Release|Any CPU.ActiveCfg = Release|Any CPU
		{8F983616-067E-4ACC-BB6B-725CF7B8FE4A}.Release|Any CPU.Build.0 = Release|Any CPU
		{E14C4993-BA55-4610-937F-333B321A752A}.Debug|Any CPU.ActiveCfg = Debug|Any CPU
		{E14C4993-BA55-4610-937F-333B321A752A}.Debug|Any CPU.Build.0 = Debug|Any CPU
		{E14C4993-BA55-4610-937F-333B321A752A}.Release|Any CPU.ActiveCfg = Release|Any CPU
		{E14C4993-BA55-4610-937F-333B321A752A}.Release|Any CPU.Build.0 = Release|Any CPU
		{14BCCC0E-AC02-4B53-9CE4-0CE459603799}.Debug|Any CPU.ActiveCfg = Debug|Any CPU
		{14BCCC0E-AC02-4B53-9CE4-0CE459603799}.Debug|Any CPU.Build.0 = Debug|Any CPU
		{14BCCC0E-AC02-4B53-9CE4-0CE459603799}.Release|Any CPU.ActiveCfg = Release|Any CPU
		{14BCCC0E-AC02-4B53-9CE4-0CE459603799}.Release|Any CPU.Build.0 = Release|Any CPU
		{62471700-EB77-4831-9D7C-51DD69310AF1}.Debug|Any CPU.ActiveCfg = Debug|Any CPU
		{62471700-EB77-4831-9D7C-51DD69310AF1}.Debug|Any CPU.Build.0 = Debug|Any CPU
		{62471700-EB77-4831-9D7C-51DD69310AF1}.Release|Any CPU.ActiveCfg = Release|Any CPU
		{62471700-EB77-4831-9D7C-51DD69310AF1}.Release|Any CPU.Build.0 = Release|Any CPU
		{7F3C423D-1D56-413E-AA12-6F95B75541C7}.Debug|Any CPU.ActiveCfg = Debug|Any CPU
		{7F3C423D-1D56-413E-AA12-6F95B75541C7}.Debug|Any CPU.Build.0 = Debug|Any CPU
		{7F3C423D-1D56-413E-AA12-6F95B75541C7}.Release|Any CPU.ActiveCfg = Release|Any CPU
		{7F3C423D-1D56-413E-AA12-6F95B75541C7}.Release|Any CPU.Build.0 = Release|Any CPU
		{3661110A-756D-472C-8AF4-6CECA0D9493C}.Debug|Any CPU.ActiveCfg = Debug|Any CPU
		{3661110A-756D-472C-8AF4-6CECA0D9493C}.Debug|Any CPU.Build.0 = Debug|Any CPU
		{3661110A-756D-472C-8AF4-6CECA0D9493C}.Release|Any CPU.ActiveCfg = Release|Any CPU
		{3661110A-756D-472C-8AF4-6CECA0D9493C}.Release|Any CPU.Build.0 = Release|Any CPU
		{4A87CEB9-0345-4FD7-BE79-2B7CD2D67103}.Debug|Any CPU.ActiveCfg = Debug|Any CPU
		{4A87CEB9-0345-4FD7-BE79-2B7CD2D67103}.Debug|Any CPU.Build.0 = Debug|Any CPU
		{4A87CEB9-0345-4FD7-BE79-2B7CD2D67103}.Release|Any CPU.ActiveCfg = Release|Any CPU
		{4A87CEB9-0345-4FD7-BE79-2B7CD2D67103}.Release|Any CPU.Build.0 = Release|Any CPU
		{BFA28321-ABA2-4851-A78E-45C274D65EFF}.Debug|Any CPU.ActiveCfg = Debug|Any CPU
		{BFA28321-ABA2-4851-A78E-45C274D65EFF}.Debug|Any CPU.Build.0 = Debug|Any CPU
		{BFA28321-ABA2-4851-A78E-45C274D65EFF}.Release|Any CPU.ActiveCfg = Release|Any CPU
		{BFA28321-ABA2-4851-A78E-45C274D65EFF}.Release|Any CPU.Build.0 = Release|Any CPU
		{466D6846-4C22-4E47-ABC7-6706F2A2D150}.Debug|Any CPU.ActiveCfg = Debug|Any CPU
		{466D6846-4C22-4E47-ABC7-6706F2A2D150}.Debug|Any CPU.Build.0 = Debug|Any CPU
		{466D6846-4C22-4E47-ABC7-6706F2A2D150}.Release|Any CPU.ActiveCfg = Release|Any CPU
		{466D6846-4C22-4E47-ABC7-6706F2A2D150}.Release|Any CPU.Build.0 = Release|Any CPU
		{34DD6E9C-6369-4D74-98AE-CF2A33629C94}.Debug|Any CPU.ActiveCfg = Debug|Any CPU
		{34DD6E9C-6369-4D74-98AE-CF2A33629C94}.Debug|Any CPU.Build.0 = Debug|Any CPU
		{34DD6E9C-6369-4D74-98AE-CF2A33629C94}.Release|Any CPU.ActiveCfg = Release|Any CPU
		{34DD6E9C-6369-4D74-98AE-CF2A33629C94}.Release|Any CPU.Build.0 = Release|Any CPU
		{16354DDA-7218-4B8C-983A-229D5B91A3C0}.Debug|Any CPU.ActiveCfg = Debug|Any CPU
		{16354DDA-7218-4B8C-983A-229D5B91A3C0}.Debug|Any CPU.Build.0 = Debug|Any CPU
		{16354DDA-7218-4B8C-983A-229D5B91A3C0}.Release|Any CPU.ActiveCfg = Release|Any CPU
		{16354DDA-7218-4B8C-983A-229D5B91A3C0}.Release|Any CPU.Build.0 = Release|Any CPU
		{CD373473-5CD5-4666-8CDB-CC5C9DBD7B9E}.Debug|Any CPU.ActiveCfg = Debug|Any CPU
		{CD373473-5CD5-4666-8CDB-CC5C9DBD7B9E}.Debug|Any CPU.Build.0 = Debug|Any CPU
		{CD373473-5CD5-4666-8CDB-CC5C9DBD7B9E}.Release|Any CPU.ActiveCfg = Release|Any CPU
		{CD373473-5CD5-4666-8CDB-CC5C9DBD7B9E}.Release|Any CPU.Build.0 = Release|Any CPU
		{1D67CCF0-D41E-4067-A293-092CD3CECE6A}.Debug|Any CPU.ActiveCfg = Debug|Any CPU
		{1D67CCF0-D41E-4067-A293-092CD3CECE6A}.Debug|Any CPU.Build.0 = Debug|Any CPU
		{1D67CCF0-D41E-4067-A293-092CD3CECE6A}.Release|Any CPU.ActiveCfg = Release|Any CPU
		{1D67CCF0-D41E-4067-A293-092CD3CECE6A}.Release|Any CPU.Build.0 = Release|Any CPU
		{4EDA37EF-2E2F-4598-846A-F8016D0AC78A}.Debug|Any CPU.ActiveCfg = Debug|Any CPU
		{4EDA37EF-2E2F-4598-846A-F8016D0AC78A}.Debug|Any CPU.Build.0 = Debug|Any CPU
		{4EDA37EF-2E2F-4598-846A-F8016D0AC78A}.Release|Any CPU.ActiveCfg = Release|Any CPU
		{4EDA37EF-2E2F-4598-846A-F8016D0AC78A}.Release|Any CPU.Build.0 = Release|Any CPU
		{EDC45AEB-D23D-4990-B44E-252CA33651B1}.Debug|Any CPU.ActiveCfg = Debug|Any CPU
		{EDC45AEB-D23D-4990-B44E-252CA33651B1}.Debug|Any CPU.Build.0 = Debug|Any CPU
		{EDC45AEB-D23D-4990-B44E-252CA33651B1}.Release|Any CPU.ActiveCfg = Release|Any CPU
		{EDC45AEB-D23D-4990-B44E-252CA33651B1}.Release|Any CPU.Build.0 = Release|Any CPU
		{458C68AE-D48F-4A4F-AE7F-7A87EB89E9ED}.Debug|Any CPU.ActiveCfg = Debug|Any CPU
		{458C68AE-D48F-4A4F-AE7F-7A87EB89E9ED}.Debug|Any CPU.Build.0 = Debug|Any CPU
		{458C68AE-D48F-4A4F-AE7F-7A87EB89E9ED}.Release|Any CPU.ActiveCfg = Release|Any CPU
		{458C68AE-D48F-4A4F-AE7F-7A87EB89E9ED}.Release|Any CPU.Build.0 = Release|Any CPU
		{807DAF64-4828-42B2-97AA-FCB8D53231EE}.Debug|Any CPU.ActiveCfg = Debug|Any CPU
		{807DAF64-4828-42B2-97AA-FCB8D53231EE}.Debug|Any CPU.Build.0 = Debug|Any CPU
		{807DAF64-4828-42B2-97AA-FCB8D53231EE}.Release|Any CPU.ActiveCfg = Release|Any CPU
		{807DAF64-4828-42B2-97AA-FCB8D53231EE}.Release|Any CPU.Build.0 = Release|Any CPU
	EndGlobalSection
	GlobalSection(SolutionProperties) = preSolution
		HideSolutionNode = FALSE
	EndGlobalSection
	GlobalSection(ExtensibilityGlobals) = postSolution
		SolutionGuid = {49F58A77-ECEC-497C-8EFF-1F93A3816896}
	EndGlobalSection
EndGlobal
