
Microsoft Visual Studio Solution File, Format Version 12.00
# Visual Studio Version 17
VisualStudioVersion = 17.3.32901.215
MinimumVisualStudioVersion = 10.0.40219.1
Project("{9A19103F-16F7-4668-BE54-9A1E7A4F7556}") = "Task21", "Task21\Task21.csproj", "{D4986A0E-D130-47C4-B5B7-15875BDABCE5}"
EndProject
Project("{9A19103F-16F7-4668-BE54-9A1E7A4F7556}") = "Task70", "Task70\Task70.csproj", "{8F983616-067E-4ACC-BB6B-725CF7B8FE4A}"
EndProject
Project("{9A19103F-16F7-4668-BE54-9A1E7A4F7556}") = "Task1502", "Task1502\Task1502.csproj", "{E14C4993-BA55-4610-937F-333B321A752A}"
EndProject
Project("{9A19103F-16F7-4668-BE54-9A1E7A4F7556}") = "Task1732", "Task1732\Task1732.csproj", "{14BCCC0E-AC02-4B53-9CE4-0CE459603799}"
EndProject
Project("{9A19103F-16F7-4668-BE54-9A1E7A4F7556}") = "Task373", "Task373\Task373.csproj", "{62471700-EB77-4831-9D7C-51DD69310AF1}"
EndProject
Project("{9A19103F-16F7-4668-BE54-9A1E7A4F7556}") = "Task26", "Task26\Task26.csproj", "{7F3C423D-1D56-413E-AA12-6F95B75541C7}"
EndProject
Project("{FAE04EC0-301F-11D3-BF4B-00C04F79EFBC}") = "Task859", "Task859\Task859.csproj", "{4A87CEB9-0345-4FD7-BE79-2B7CD2D67103}"
EndProject
Project("{FAE04EC0-301F-11D3-BF4B-00C04F79EFBC}") = "Task1790", "Task1790\Task1790.csproj", "{BFA28321-ABA2-4851-A78E-45C274D65EFF}"
EndProject
Global
	GlobalSection(SolutionConfigurationPlatforms) = preSolution
		Debug|Any CPU = Debug|Any CPU
		Release|Any CPU = Release|Any CPU
	EndGlobalSection
	GlobalSection(ProjectConfigurationPlatforms) = postSolution
		{D4986A0E-D130-47C4-B5B7-15875BDABCE5}.Debug|Any CPU.ActiveCfg = Debug|Any CPU
		{D4986A0E-D130-47C4-B5B7-15875BDABCE5}.Debug|Any CPU.Build.0 = Debug|Any CPU
		{D4986A0E-D130-47C4-B5B7-15875BDABCE5}.Release|Any CPU.ActiveCfg = Release|Any CPU
		{D4986A0E-D130-47C4-B5B7-15875BDABCE5}.Release|Any CPU.Build.0 = Release|Any CPU
		{8F983616-067E-4ACC-BB6B-725CF7B8FE4A}.Debug|Any CPU.ActiveCfg = Debug|Any CPU
		{8F983616-067E-4ACC-BB6B-725CF7B8FE4A}.Debug|Any CPU.Build.0 = Debug|Any CPU
		{8F983616-067E-4ACC-BB6B-725CF7B8FE4A}.Release|Any CPU.ActiveCfg = Release|Any CPU
		{8F983616-067E-4ACC-BB6B-725CF7B8FE4A}.Release|Any CPU.Build.0 = Release|Any CPU
		{E14C4993-BA55-4610-937F-333B321A752A}.Debug|Any CPU.ActiveCfg = Debug|Any CPU
		{E14C4993-BA55-4610-937F-333B321A752A}.Debug|Any CPU.Build.0 = Debug|Any CPU
		{E14C4993-BA55-4610-937F-333B321A752A}.Release|Any CPU.ActiveCfg = Release|Any CPU
		{E14C4993-BA55-4610-937F-333B321A752A}.Release|Any CPU.Build.0 = Release|Any CPU
		{14BCCC0E-AC02-4B53-9CE4-0CE459603799}.Debug|Any CPU.ActiveCfg = Debug|Any CPU
		{14BCCC0E-AC02-4B53-9CE4-0CE459603799}.Debug|Any CPU.Build.0 = Debug|Any CPU
		{14BCCC0E-AC02-4B53-9CE4-0CE459603799}.Release|Any CPU.ActiveCfg = Release|Any CPU
		{14BCCC0E-AC02-4B53-9CE4-0CE459603799}.Release|Any CPU.Build.0 = Release|Any CPU
		{62471700-EB77-4831-9D7C-51DD69310AF1}.Debug|Any CPU.ActiveCfg = Debug|Any CPU
		{62471700-EB77-4831-9D7C-51DD69310AF1}.Debug|Any CPU.Build.0 = Debug|Any CPU
		{62471700-EB77-4831-9D7C-51DD69310AF1}.Release|Any CPU.ActiveCfg = Release|Any CPU
		{62471700-EB77-4831-9D7C-51DD69310AF1}.Release|Any CPU.Build.0 = Release|Any CPU
		{7F3C423D-1D56-413E-AA12-6F95B75541C7}.Debug|Any CPU.ActiveCfg = Debug|Any CPU
		{7F3C423D-1D56-413E-AA12-6F95B75541C7}.Debug|Any CPU.Build.0 = Debug|Any CPU
		{7F3C423D-1D56-413E-AA12-6F95B75541C7}.Release|Any CPU.ActiveCfg = Release|Any CPU
		{7F3C423D-1D56-413E-AA12-6F95B75541C7}.Release|Any CPU.Build.0 = Release|Any CPU
		{4A87CEB9-0345-4FD7-BE79-2B7CD2D67103}.Debug|Any CPU.ActiveCfg = Debug|Any CPU
		{4A87CEB9-0345-4FD7-BE79-2B7CD2D67103}.Debug|Any CPU.Build.0 = Debug|Any CPU
		{4A87CEB9-0345-4FD7-BE79-2B7CD2D67103}.Release|Any CPU.ActiveCfg = Release|Any CPU
		{4A87CEB9-0345-4FD7-BE79-2B7CD2D67103}.Release|Any CPU.Build.0 = Release|Any CPU
		{BFA28321-ABA2-4851-A78E-45C274D65EFF}.Debug|Any CPU.ActiveCfg = Debug|Any CPU
		{BFA28321-ABA2-4851-A78E-45C274D65EFF}.Debug|Any CPU.Build.0 = Debug|Any CPU
		{BFA28321-ABA2-4851-A78E-45C274D65EFF}.Release|Any CPU.ActiveCfg = Release|Any CPU
		{BFA28321-ABA2-4851-A78E-45C274D65EFF}.Release|Any CPU.Build.0 = Release|Any CPU
	EndGlobalSection
	GlobalSection(SolutionProperties) = preSolution
		HideSolutionNode = FALSE
	EndGlobalSection
	GlobalSection(ExtensibilityGlobals) = postSolution
		SolutionGuid = {49F58A77-ECEC-497C-8EFF-1F93A3816896}
	EndGlobalSection
EndGlobal
