
Microsoft Visual Studio Solution File, Format Version 12.00
# Visual Studio Version 17
VisualStudioVersion = 17.3.32901.215
MinimumVisualStudioVersion = 10.0.40219.1
Project("{9A19103F-16F7-4668-BE54-9A1E7A4F7556}") = "Grind75", "100-200\Grind75.csproj", "{807DAF64-4828-42B2-97AA-FCB8D53231EE}"
EndProject
Project("{9A19103F-16F7-4668-BE54-9A1E7A4F7556}") = "LeetCodeDaily", "LeetcodeDaily\LeetCodeDaily.csproj", "{AC34741C-D17C-43CA-8C3B-6A9A17583E07}"
EndProject
Project("{FAE04EC0-301F-11D3-BF4B-00C04F79EFBC}") = "Utils", "Utils\Utils.csproj", "{46F9C8B3-2986-42E4-8EDC-54B31A9FE2F9}"
EndProject
Global
	GlobalSection(SolutionConfigurationPlatforms) = preSolution
		Debug|Any CPU = Debug|Any CPU
		Release|Any CPU = Release|Any CPU
	EndGlobalSection
	GlobalSection(ProjectConfigurationPlatforms) = postSolution
		{807DAF64-4828-42B2-97AA-FCB8D53231EE}.Debug|Any CPU.ActiveCfg = Debug|Any CPU
		{807DAF64-4828-42B2-97AA-FCB8D53231EE}.Debug|Any CPU.Build.0 = Debug|Any CPU
		{807DAF64-4828-42B2-97AA-FCB8D53231EE}.Release|Any CPU.ActiveCfg = Release|Any CPU
		{807DAF64-4828-42B2-97AA-FCB8D53231EE}.Release|Any CPU.Build.0 = Release|Any CPU
		{AC34741C-D17C-43CA-8C3B-6A9A17583E07}.Debug|Any CPU.ActiveCfg = Debug|Any CPU
		{AC34741C-D17C-43CA-8C3B-6A9A17583E07}.Debug|Any CPU.Build.0 = Debug|Any CPU
		{AC34741C-D17C-43CA-8C3B-6A9A17583E07}.Release|Any CPU.ActiveCfg = Release|Any CPU
		{AC34741C-D17C-43CA-8C3B-6A9A17583E07}.Release|Any CPU.Build.0 = Release|Any CPU
		{46F9C8B3-2986-42E4-8EDC-54B31A9FE2F9}.Debug|Any CPU.ActiveCfg = Debug|Any CPU
		{46F9C8B3-2986-42E4-8EDC-54B31A9FE2F9}.Debug|Any CPU.Build.0 = Debug|Any CPU
		{46F9C8B3-2986-42E4-8EDC-54B31A9FE2F9}.Release|Any CPU.ActiveCfg = Release|Any CPU
		{46F9C8B3-2986-42E4-8EDC-54B31A9FE2F9}.Release|Any CPU.Build.0 = Release|Any CPU
	EndGlobalSection
	GlobalSection(SolutionProperties) = preSolution
		HideSolutionNode = FALSE
	EndGlobalSection
	GlobalSection(ExtensibilityGlobals) = postSolution
		SolutionGuid = {49F58A77-ECEC-497C-8EFF-1F93A3816896}
	EndGlobalSection
EndGlobal
